
Microsoft Visual Studio Solution File, Format Version 12.00
# Visual Studio Version 16
VisualStudioVersion = 16.0.30320.27
MinimumVisualStudioVersion = 10.0.40219.1
Project("{FAE04EC0-301F-11D3-BF4B-00C04F79EFBC}") = "Console-Xadrez", "Console-Xadrez\Console-Xadrez.csproj", "{3A965E79-5516-406E-8BD0-A526227419A5}"
EndProject
Global
	GlobalSection(SolutionConfigurationPlatforms) = preSolution
		Debug|Any CPU = Debug|Any CPU
		Release|Any CPU = Release|Any CPU
	EndGlobalSection
	GlobalSection(ProjectConfigurationPlatforms) = postSolution
		{3A965E79-5516-406E-8BD0-A526227419A5}.Debug|Any CPU.ActiveCfg = Debug|Any CPU
		{3A965E79-5516-406E-8BD0-A526227419A5}.Debug|Any CPU.Build.0 = Debug|Any CPU
		{3A965E79-5516-406E-8BD0-A526227419A5}.Release|Any CPU.ActiveCfg = Release|Any CPU
		{3A965E79-5516-406E-8BD0-A526227419A5}.Release|Any CPU.Build.0 = Release|Any CPU
	EndGlobalSection
	GlobalSection(SolutionProperties) = preSolution
		HideSolutionNode = FALSE
	EndGlobalSection
	GlobalSection(ExtensibilityGlobals) = postSolution
		SolutionGuid = {99AD570F-D0B4-49DE-8DEA-99EDD9A1A5E0}
	EndGlobalSection
EndGlobal
